// !$*UTF8*$!
{
	archiveVersion = 1;
	classes = {
	};
	objectVersion = 50;
	objects = {

/* Begin PBXBuildFile section */
		076CF8562606919D00B50E72 /* AppDelegate.swift in Sources */ = {isa = PBXBuildFile; fileRef = 076CF8552606919D00B50E72 /* AppDelegate.swift */; };
		076CF8582606919D00B50E72 /* SceneDelegate.swift in Sources */ = {isa = PBXBuildFile; fileRef = 076CF8572606919D00B50E72 /* SceneDelegate.swift */; };
		076CF85A2606919D00B50E72 /* ViewController.swift in Sources */ = {isa = PBXBuildFile; fileRef = 076CF8592606919D00B50E72 /* ViewController.swift */; };
		076CF85D2606919D00B50E72 /* Main.storyboard in Resources */ = {isa = PBXBuildFile; fileRef = 076CF85B2606919D00B50E72 /* Main.storyboard */; };
		076CF85F2606919F00B50E72 /* Assets.xcassets in Resources */ = {isa = PBXBuildFile; fileRef = 076CF85E2606919F00B50E72 /* Assets.xcassets */; };
		076CF8622606919F00B50E72 /* LaunchScreen.storyboard in Resources */ = {isa = PBXBuildFile; fileRef = 076CF8602606919F00B50E72 /* LaunchScreen.storyboard */; };
		076CF87E2606A2E300B50E72 /* inputTextView.xib in Resources */ = {isa = PBXBuildFile; fileRef = 076CF87D2606A2E300B50E72 /* inputTextView.xib */; };
		076CF8812606A39100B50E72 /* inputTextView.swift in Sources */ = {isa = PBXBuildFile; fileRef = 076CF8802606A39100B50E72 /* inputTextView.swift */; };
		076CF8912606A4AE00B50E72 /* Validations.swift in Sources */ = {isa = PBXBuildFile; fileRef = 076CF8902606A4AE00B50E72 /* Validations.swift */; };
		076CF8962606AE0D00B50E72 /* logingBg.jpg in Resources */ = {isa = PBXBuildFile; fileRef = 076CF8952606AE0D00B50E72 /* logingBg.jpg */; };
		076CF8B22606B0E400B50E72 /* alertImage.xib in Resources */ = {isa = PBXBuildFile; fileRef = 076CF8B12606B0E400B50E72 /* alertImage.xib */; };
		076CF8B62606B18400B50E72 /* AlertImage.swift in Sources */ = {isa = PBXBuildFile; fileRef = 076CF8B52606B18400B50E72 /* AlertImage.swift */; };
		076CF8BC2606B5D600B50E72 /* transactions.storyboard in Resources */ = {isa = PBXBuildFile; fileRef = 076CF8BB2606B5D600B50E72 /* transactions.storyboard */; };
		076CF8BF2606B60700B50E72 /* TransactionViewController.swift in Sources */ = {isa = PBXBuildFile; fileRef = 076CF8BE2606B60700B50E72 /* TransactionViewController.swift */; };
		076CF8C42606B79300B50E72 /* TransactionCell.xib in Resources */ = {isa = PBXBuildFile; fileRef = 076CF8C32606B79300B50E72 /* TransactionCell.xib */; };
		076CF8C72606BB6A00B50E72 /* TransactionTableViewCell.swift in Sources */ = {isa = PBXBuildFile; fileRef = 076CF8C62606BB6A00B50E72 /* TransactionTableViewCell.swift */; };
		076CF8CB2606BDB900B50E72 /* transactionModel.swift in Sources */ = {isa = PBXBuildFile; fileRef = 076CF8CA2606BDB900B50E72 /* transactionModel.swift */; };
		076CF8D22606C06A00B50E72 /* WebService.swift in Sources */ = {isa = PBXBuildFile; fileRef = 076CF8D12606C06A00B50E72 /* WebService.swift */; };
		076CF8D82606E65200B50E72 /* URL.swift in Sources */ = {isa = PBXBuildFile; fileRef = 076CF8D72606E65100B50E72 /* URL.swift */; };
		076CF8DD2606E70A00B50E72 /* header.xib in Resources */ = {isa = PBXBuildFile; fileRef = 076CF8DC2606E70A00B50E72 /* header.xib */; };
		076CF8E02606E88C00B50E72 /* HeaderView.swift in Sources */ = {isa = PBXBuildFile; fileRef = 076CF8DF2606E88C00B50E72 /* HeaderView.swift */; };
		076CF8E32606EA0300B50E72 /* fotter.xib in Resources */ = {isa = PBXBuildFile; fileRef = 076CF8E22606EA0300B50E72 /* fotter.xib */; };
		076CF8E62606EAC900B50E72 /* fotter.swift in Sources */ = {isa = PBXBuildFile; fileRef = 076CF8E52606EAC900B50E72 /* fotter.swift */; };
/* End PBXBuildFile section */

/* Begin PBXFileReference section */
		076CF8522606919D00B50E72 /* tcsAppJosePablo.app */ = {isa = PBXFileReference; explicitFileType = wrapper.application; includeInIndex = 0; path = tcsAppJosePablo.app; sourceTree = BUILT_PRODUCTS_DIR; };
		076CF8552606919D00B50E72 /* AppDelegate.swift */ = {isa = PBXFileReference; lastKnownFileType = sourcecode.swift; path = AppDelegate.swift; sourceTree = "<group>"; };
		076CF8572606919D00B50E72 /* SceneDelegate.swift */ = {isa = PBXFileReference; lastKnownFileType = sourcecode.swift; path = SceneDelegate.swift; sourceTree = "<group>"; };
		076CF8592606919D00B50E72 /* ViewController.swift */ = {isa = PBXFileReference; lastKnownFileType = sourcecode.swift; path = ViewController.swift; sourceTree = "<group>"; };
		076CF85C2606919D00B50E72 /* Base */ = {isa = PBXFileReference; lastKnownFileType = file.storyboard; name = Base; path = Base.lproj/Main.storyboard; sourceTree = "<group>"; };
		076CF85E2606919F00B50E72 /* Assets.xcassets */ = {isa = PBXFileReference; lastKnownFileType = folder.assetcatalog; path = Assets.xcassets; sourceTree = "<group>"; };
		076CF8612606919F00B50E72 /* Base */ = {isa = PBXFileReference; lastKnownFileType = file.storyboard; name = Base; path = Base.lproj/LaunchScreen.storyboard; sourceTree = "<group>"; };
		076CF8632606919F00B50E72 /* Info.plist */ = {isa = PBXFileReference; lastKnownFileType = text.plist.xml; path = Info.plist; sourceTree = "<group>"; };
		076CF87D2606A2E300B50E72 /* inputTextView.xib */ = {isa = PBXFileReference; lastKnownFileType = file.xib; path = inputTextView.xib; sourceTree = "<group>"; };
		076CF8802606A39100B50E72 /* inputTextView.swift */ = {isa = PBXFileReference; lastKnownFileType = sourcecode.swift; path = inputTextView.swift; sourceTree = "<group>"; };
		076CF8902606A4AE00B50E72 /* Validations.swift */ = {isa = PBXFileReference; lastKnownFileType = sourcecode.swift; path = Validations.swift; sourceTree = "<group>"; };
		076CF8952606AE0D00B50E72 /* logingBg.jpg */ = {isa = PBXFileReference; lastKnownFileType = image.jpeg; path = logingBg.jpg; sourceTree = "<group>"; };
		076CF8B12606B0E400B50E72 /* alertImage.xib */ = {isa = PBXFileReference; lastKnownFileType = file.xib; path = alertImage.xib; sourceTree = "<group>"; };
		076CF8B52606B18400B50E72 /* AlertImage.swift */ = {isa = PBXFileReference; lastKnownFileType = sourcecode.swift; path = AlertImage.swift; sourceTree = "<group>"; };
		076CF8BB2606B5D600B50E72 /* transactions.storyboard */ = {isa = PBXFileReference; lastKnownFileType = file.storyboard; path = transactions.storyboard; sourceTree = "<group>"; };
		076CF8BE2606B60700B50E72 /* TransactionViewController.swift */ = {isa = PBXFileReference; lastKnownFileType = sourcecode.swift; path = TransactionViewController.swift; sourceTree = "<group>"; };
		076CF8C32606B79300B50E72 /* TransactionCell.xib */ = {isa = PBXFileReference; lastKnownFileType = file.xib; path = TransactionCell.xib; sourceTree = "<group>"; };
		076CF8C62606BB6A00B50E72 /* TransactionTableViewCell.swift */ = {isa = PBXFileReference; lastKnownFileType = sourcecode.swift; path = TransactionTableViewCell.swift; sourceTree = "<group>"; };
		076CF8CA2606BDB900B50E72 /* transactionModel.swift */ = {isa = PBXFileReference; lastKnownFileType = sourcecode.swift; path = transactionModel.swift; sourceTree = "<group>"; };
		076CF8D12606C06A00B50E72 /* WebService.swift */ = {isa = PBXFileReference; lastKnownFileType = sourcecode.swift; path = WebService.swift; sourceTree = "<group>"; };
		076CF8D72606E65100B50E72 /* URL.swift */ = {isa = PBXFileReference; lastKnownFileType = sourcecode.swift; path = URL.swift; sourceTree = "<group>"; };
		076CF8DC2606E70A00B50E72 /* header.xib */ = {isa = PBXFileReference; lastKnownFileType = file.xib; path = header.xib; sourceTree = "<group>"; };
		076CF8DF2606E88C00B50E72 /* HeaderView.swift */ = {isa = PBXFileReference; lastKnownFileType = sourcecode.swift; path = HeaderView.swift; sourceTree = "<group>"; };
		076CF8E22606EA0300B50E72 /* fotter.xib */ = {isa = PBXFileReference; lastKnownFileType = file.xib; path = fotter.xib; sourceTree = "<group>"; };
		076CF8E52606EAC900B50E72 /* fotter.swift */ = {isa = PBXFileReference; lastKnownFileType = sourcecode.swift; path = fotter.swift; sourceTree = "<group>"; };
/* End PBXFileReference section */

/* Begin PBXFrameworksBuildPhase section */
		076CF84F2606919D00B50E72 /* Frameworks */ = {
			isa = PBXFrameworksBuildPhase;
			buildActionMask = 2147483647;
			files = (
			);
			runOnlyForDeploymentPostprocessing = 0;
		};
/* End PBXFrameworksBuildPhase section */

/* Begin PBXGroup section */
		076CF8492606919D00B50E72 = {
			isa = PBXGroup;
			children = (
				076CF8542606919D00B50E72 /* tcsAppJosePablo */,
				076CF8532606919D00B50E72 /* Products */,
			);
			sourceTree = "<group>";
		};
		076CF8532606919D00B50E72 /* Products */ = {
			isa = PBXGroup;
			children = (
				076CF8522606919D00B50E72 /* tcsAppJosePablo.app */,
			);
			name = Products;
			sourceTree = "<group>";
		};
		076CF8542606919D00B50E72 /* tcsAppJosePablo */ = {
			isa = PBXGroup;
			children = (
				076CF8D02606C05000B50E72 /* APIPetitions */,
				076CF8B82606B43D00B50E72 /* Modules */,
				076CF8942606ADED00B50E72 /* Backgrounds */,
				076CF88F2606A49F00B50E72 /* Utilities */,
				076CF86A2606968300B50E72 /* Views */,
				076CF8552606919D00B50E72 /* AppDelegate.swift */,
				076CF8572606919D00B50E72 /* SceneDelegate.swift */,
				076CF85E2606919F00B50E72 /* Assets.xcassets */,
				076CF8602606919F00B50E72 /* LaunchScreen.storyboard */,
				076CF8632606919F00B50E72 /* Info.plist */,
			);
			path = tcsAppJosePablo;
			sourceTree = "<group>";
		};
		076CF86A2606968300B50E72 /* Views */ = {
			isa = PBXGroup;
			children = (
				076CF8DB2606E6CF00B50E72 /* header */,
				076CF8DA2606E6CB00B50E72 /* fotter */,
				076CF8982606B06600B50E72 /* alerts */,
				076CF86B2606968E00B50E72 /* Inputs */,
			);
			path = Views;
			sourceTree = "<group>";
		};
		076CF86B2606968E00B50E72 /* Inputs */ = {
			isa = PBXGroup;
			children = (
				076CF87D2606A2E300B50E72 /* inputTextView.xib */,
				076CF8802606A39100B50E72 /* inputTextView.swift */,
			);
			path = Inputs;
			sourceTree = "<group>";
		};
		076CF88F2606A49F00B50E72 /* Utilities */ = {
			isa = PBXGroup;
			children = (
				076CF8902606A4AE00B50E72 /* Validations.swift */,
				076CF8D72606E65100B50E72 /* URL.swift */,
			);
			path = Utilities;
			sourceTree = "<group>";
		};
		076CF8942606ADED00B50E72 /* Backgrounds */ = {
			isa = PBXGroup;
			children = (
				076CF8952606AE0D00B50E72 /* logingBg.jpg */,
			);
			path = Backgrounds;
			sourceTree = "<group>";
		};
		076CF8982606B06600B50E72 /* alerts */ = {
			isa = PBXGroup;
			children = (
				076CF8B12606B0E400B50E72 /* alertImage.xib */,
				076CF8B52606B18400B50E72 /* AlertImage.swift */,
			);
			path = alerts;
			sourceTree = "<group>";
		};
		076CF8B82606B43D00B50E72 /* Modules */ = {
			isa = PBXGroup;
			children = (
				076CF8BA2606B5B200B50E72 /* Transactions */,
				076CF8B92606B44600B50E72 /* Login */,
			);
			path = Modules;
			sourceTree = "<group>";
		};
		076CF8B92606B44600B50E72 /* Login */ = {
			isa = PBXGroup;
			children = (
				076CF8592606919D00B50E72 /* ViewController.swift */,
				076CF85B2606919D00B50E72 /* Main.storyboard */,
			);
			path = Login;
			sourceTree = "<group>";
		};
		076CF8BA2606B5B200B50E72 /* Transactions */ = {
			isa = PBXGroup;
			children = (
				076CF8BE2606B60700B50E72 /* TransactionViewController.swift */,
				076CF8BB2606B5D600B50E72 /* transactions.storyboard */,
				076CF8C92606BDA100B50E72 /* models */,
				076CF8C22606B76E00B50E72 /* cells */,
			);
			path = Transactions;
			sourceTree = "<group>";
		};
		076CF8C22606B76E00B50E72 /* cells */ = {
			isa = PBXGroup;
			children = (
				076CF8C32606B79300B50E72 /* TransactionCell.xib */,
				076CF8C62606BB6A00B50E72 /* TransactionTableViewCell.swift */,
			);
			path = cells;
			sourceTree = "<group>";
		};
		076CF8C92606BDA100B50E72 /* models */ = {
			isa = PBXGroup;
			children = (
				076CF8CA2606BDB900B50E72 /* transactionModel.swift */,
			);
			path = models;
			sourceTree = "<group>";
		};
		076CF8D02606C05000B50E72 /* APIPetitions */ = {
			isa = PBXGroup;
			children = (
				076CF8D12606C06A00B50E72 /* WebService.swift */,
			);
			path = APIPetitions;
			sourceTree = "<group>";
		};
		076CF8DA2606E6CB00B50E72 /* fotter */ = {
			isa = PBXGroup;
			children = (
				076CF8E22606EA0300B50E72 /* fotter.xib */,
				076CF8E52606EAC900B50E72 /* fotter.swift */,
			);
			path = fotter;
			sourceTree = "<group>";
		};
		076CF8DB2606E6CF00B50E72 /* header */ = {
			isa = PBXGroup;
			children = (
				076CF8DC2606E70A00B50E72 /* header.xib */,
				076CF8DF2606E88C00B50E72 /* HeaderView.swift */,
			);
			path = header;
			sourceTree = "<group>";
		};
/* End PBXGroup section */

/* Begin PBXNativeTarget section */
		076CF8512606919D00B50E72 /* tcsAppJosePablo */ = {
			isa = PBXNativeTarget;
			buildConfigurationList = 076CF8662606919F00B50E72 /* Build configuration list for PBXNativeTarget "tcsAppJosePablo" */;
			buildPhases = (
				076CF84E2606919D00B50E72 /* Sources */,
				076CF84F2606919D00B50E72 /* Frameworks */,
				076CF8502606919D00B50E72 /* Resources */,
			);
			buildRules = (
			);
			dependencies = (
			);
			name = tcsAppJosePablo;
			productName = tcsAppJosePablo;
			productReference = 076CF8522606919D00B50E72 /* tcsAppJosePablo.app */;
			productType = "com.apple.product-type.application";
		};
/* End PBXNativeTarget section */

/* Begin PBXProject section */
		076CF84A2606919D00B50E72 /* Project object */ = {
			isa = PBXProject;
			attributes = {
				LastSwiftUpdateCheck = 1220;
				LastUpgradeCheck = 1220;
				TargetAttributes = {
					076CF8512606919D00B50E72 = {
						CreatedOnToolsVersion = 12.2;
					};
				};
			};
			buildConfigurationList = 076CF84D2606919D00B50E72 /* Build configuration list for PBXProject "tcsAppJosePablo" */;
			compatibilityVersion = "Xcode 9.3";
			developmentRegion = en;
			hasScannedForEncodings = 0;
			knownRegions = (
				en,
				Base,
			);
			mainGroup = 076CF8492606919D00B50E72;
			productRefGroup = 076CF8532606919D00B50E72 /* Products */;
			projectDirPath = "";
			projectRoot = "";
			targets = (
				076CF8512606919D00B50E72 /* tcsAppJosePablo */,
			);
		};
/* End PBXProject section */

/* Begin PBXResourcesBuildPhase section */
		076CF8502606919D00B50E72 /* Resources */ = {
			isa = PBXResourcesBuildPhase;
			buildActionMask = 2147483647;
			files = (
				076CF8B22606B0E400B50E72 /* alertImage.xib in Resources */,
				076CF8BC2606B5D600B50E72 /* transactions.storyboard in Resources */,
				076CF8C42606B79300B50E72 /* TransactionCell.xib in Resources */,
				076CF8E32606EA0300B50E72 /* fotter.xib in Resources */,
				076CF8622606919F00B50E72 /* LaunchScreen.storyboard in Resources */,
				076CF8962606AE0D00B50E72 /* logingBg.jpg in Resources */,
				076CF85F2606919F00B50E72 /* Assets.xcassets in Resources */,
				076CF87E2606A2E300B50E72 /* inputTextView.xib in Resources */,
				076CF8DD2606E70A00B50E72 /* header.xib in Resources */,
				076CF85D2606919D00B50E72 /* Main.storyboard in Resources */,
			);
			runOnlyForDeploymentPostprocessing = 0;
		};
/* End PBXResourcesBuildPhase section */

/* Begin PBXSourcesBuildPhase section */
		076CF84E2606919D00B50E72 /* Sources */ = {
			isa = PBXSourcesBuildPhase;
			buildActionMask = 2147483647;
			files = (
				076CF85A2606919D00B50E72 /* ViewController.swift in Sources */,
				076CF8BF2606B60700B50E72 /* TransactionViewController.swift in Sources */,
				076CF8E62606EAC900B50E72 /* fotter.swift in Sources */,
				076CF8C72606BB6A00B50E72 /* TransactionTableViewCell.swift in Sources */,
				076CF8D82606E65200B50E72 /* URL.swift in Sources */,
				076CF8562606919D00B50E72 /* AppDelegate.swift in Sources */,
				076CF8812606A39100B50E72 /* inputTextView.swift in Sources */,
				076CF8582606919D00B50E72 /* SceneDelegate.swift in Sources */,
				076CF8E02606E88C00B50E72 /* HeaderView.swift in Sources */,
				076CF8CB2606BDB900B50E72 /* transactionModel.swift in Sources */,
				076CF8B62606B18400B50E72 /* AlertImage.swift in Sources */,
				076CF8D22606C06A00B50E72 /* WebService.swift in Sources */,
				076CF8912606A4AE00B50E72 /* Validations.swift in Sources */,
			);
			runOnlyForDeploymentPostprocessing = 0;
		};
/* End PBXSourcesBuildPhase section */

/* Begin PBXVariantGroup section */
		076CF85B2606919D00B50E72 /* Main.storyboard */ = {
			isa = PBXVariantGroup;
			children = (
				076CF85C2606919D00B50E72 /* Base */,
			);
			name = Main.storyboard;
			sourceTree = "<group>";
		};
		076CF8602606919F00B50E72 /* LaunchScreen.storyboard */ = {
			isa = PBXVariantGroup;
			children = (
				076CF8612606919F00B50E72 /* Base */,
			);
			name = LaunchScreen.storyboard;
			sourceTree = "<group>";
		};
/* End PBXVariantGroup section */

/* Begin XCBuildConfiguration section */
		076CF8642606919F00B50E72 /* Debug */ = {
			isa = XCBuildConfiguration;
			buildSettings = {
				ALWAYS_SEARCH_USER_PATHS = NO;
				CLANG_ANALYZER_NONNULL = YES;
				CLANG_ANALYZER_NUMBER_OBJECT_CONVERSION = YES_AGGRESSIVE;
				CLANG_CXX_LANGUAGE_STANDARD = "gnu++14";
				CLANG_CXX_LIBRARY = "libc++";
				CLANG_ENABLE_MODULES = YES;
				CLANG_ENABLE_OBJC_ARC = YES;
				CLANG_ENABLE_OBJC_WEAK = YES;
				CLANG_WARN_BLOCK_CAPTURE_AUTORELEASING = YES;
				CLANG_WARN_BOOL_CONVERSION = YES;
				CLANG_WARN_COMMA = YES;
				CLANG_WARN_CONSTANT_CONVERSION = YES;
				CLANG_WARN_DEPRECATED_OBJC_IMPLEMENTATIONS = YES;
				CLANG_WARN_DIRECT_OBJC_ISA_USAGE = YES_ERROR;
				CLANG_WARN_DOCUMENTATION_COMMENTS = YES;
				CLANG_WARN_EMPTY_BODY = YES;
				CLANG_WARN_ENUM_CONVERSION = YES;
				CLANG_WARN_INFINITE_RECURSION = YES;
				CLANG_WARN_INT_CONVERSION = YES;
				CLANG_WARN_NON_LITERAL_NULL_CONVERSION = YES;
				CLANG_WARN_OBJC_IMPLICIT_RETAIN_SELF = YES;
				CLANG_WARN_OBJC_LITERAL_CONVERSION = YES;
				CLANG_WARN_OBJC_ROOT_CLASS = YES_ERROR;
				CLANG_WARN_QUOTED_INCLUDE_IN_FRAMEWORK_HEADER = YES;
				CLANG_WARN_RANGE_LOOP_ANALYSIS = YES;
				CLANG_WARN_STRICT_PROTOTYPES = YES;
				CLANG_WARN_SUSPICIOUS_MOVE = YES;
				CLANG_WARN_UNGUARDED_AVAILABILITY = YES_AGGRESSIVE;
				CLANG_WARN_UNREACHABLE_CODE = YES;
				CLANG_WARN__DUPLICATE_METHOD_MATCH = YES;
				COPY_PHASE_STRIP = NO;
				DEBUG_INFORMATION_FORMAT = dwarf;
				ENABLE_STRICT_OBJC_MSGSEND = YES;
				ENABLE_TESTABILITY = YES;
				GCC_C_LANGUAGE_STANDARD = gnu11;
				GCC_DYNAMIC_NO_PIC = NO;
				GCC_NO_COMMON_BLOCKS = YES;
				GCC_OPTIMIZATION_LEVEL = 0;
				GCC_PREPROCESSOR_DEFINITIONS = (
					"DEBUG=1",
					"$(inherited)",
				);
				GCC_WARN_64_TO_32_BIT_CONVERSION = YES;
				GCC_WARN_ABOUT_RETURN_TYPE = YES_ERROR;
				GCC_WARN_UNDECLARED_SELECTOR = YES;
				GCC_WARN_UNINITIALIZED_AUTOS = YES_AGGRESSIVE;
				GCC_WARN_UNUSED_FUNCTION = YES;
				GCC_WARN_UNUSED_VARIABLE = YES;
				IPHONEOS_DEPLOYMENT_TARGET = 14.2;
				MTL_ENABLE_DEBUG_INFO = INCLUDE_SOURCE;
				MTL_FAST_MATH = YES;
				ONLY_ACTIVE_ARCH = YES;
				SDKROOT = iphoneos;
				SWIFT_ACTIVE_COMPILATION_CONDITIONS = DEBUG;
				SWIFT_OPTIMIZATION_LEVEL = "-Onone";
			};
			name = Debug;
		};
		076CF8652606919F00B50E72 /* Release */ = {
			isa = XCBuildConfiguration;
			buildSettings = {
				ALWAYS_SEARCH_USER_PATHS = NO;
				CLANG_ANALYZER_NONNULL = YES;
				CLANG_ANALYZER_NUMBER_OBJECT_CONVERSION = YES_AGGRESSIVE;
				CLANG_CXX_LANGUAGE_STANDARD = "gnu++14";
				CLANG_CXX_LIBRARY = "libc++";
				CLANG_ENABLE_MODULES = YES;
				CLANG_ENABLE_OBJC_ARC = YES;
				CLANG_ENABLE_OBJC_WEAK = YES;
				CLANG_WARN_BLOCK_CAPTURE_AUTORELEASING = YES;
				CLANG_WARN_BOOL_CONVERSION = YES;
				CLANG_WARN_COMMA = YES;
				CLANG_WARN_CONSTANT_CONVERSION = YES;
				CLANG_WARN_DEPRECATED_OBJC_IMPLEMENTATIONS = YES;
				CLANG_WARN_DIRECT_OBJC_ISA_USAGE = YES_ERROR;
				CLANG_WARN_DOCUMENTATION_COMMENTS = YES;
				CLANG_WARN_EMPTY_BODY = YES;
				CLANG_WARN_ENUM_CONVERSION = YES;
				CLANG_WARN_INFINITE_RECURSION = YES;
				CLANG_WARN_INT_CONVERSION = YES;
				CLANG_WARN_NON_LITERAL_NULL_CONVERSION = YES;
				CLANG_WARN_OBJC_IMPLICIT_RETAIN_SELF = YES;
				CLANG_WARN_OBJC_LITERAL_CONVERSION = YES;
				CLANG_WARN_OBJC_ROOT_CLASS = YES_ERROR;
				CLANG_WARN_QUOTED_INCLUDE_IN_FRAMEWORK_HEADER = YES;
				CLANG_WARN_RANGE_LOOP_ANALYSIS = YES;
				CLANG_WARN_STRICT_PROTOTYPES = YES;
				CLANG_WARN_SUSPICIOUS_MOVE = YES;
				CLANG_WARN_UNGUARDED_AVAILABILITY = YES_AGGRESSIVE;
				CLANG_WARN_UNREACHABLE_CODE = YES;
				CLANG_WARN__DUPLICATE_METHOD_MATCH = YES;
				COPY_PHASE_STRIP = NO;
				DEBUG_INFORMATION_FORMAT = "dwarf-with-dsym";
				ENABLE_NS_ASSERTIONS = NO;
				ENABLE_STRICT_OBJC_MSGSEND = YES;
				GCC_C_LANGUAGE_STANDARD = gnu11;
				GCC_NO_COMMON_BLOCKS = YES;
				GCC_WARN_64_TO_32_BIT_CONVERSION = YES;
				GCC_WARN_ABOUT_RETURN_TYPE = YES_ERROR;
				GCC_WARN_UNDECLARED_SELECTOR = YES;
				GCC_WARN_UNINITIALIZED_AUTOS = YES_AGGRESSIVE;
				GCC_WARN_UNUSED_FUNCTION = YES;
				GCC_WARN_UNUSED_VARIABLE = YES;
				IPHONEOS_DEPLOYMENT_TARGET = 14.2;
				MTL_ENABLE_DEBUG_INFO = NO;
				MTL_FAST_MATH = YES;
				SDKROOT = iphoneos;
				SWIFT_COMPILATION_MODE = wholemodule;
				SWIFT_OPTIMIZATION_LEVEL = "-O";
				VALIDATE_PRODUCT = YES;
			};
			name = Release;
		};
		076CF8672606919F00B50E72 /* Debug */ = {
			isa = XCBuildConfiguration;
			buildSettings = {
				ASSETCATALOG_COMPILER_APPICON_NAME = AppIcon;
				ASSETCATALOG_COMPILER_GLOBAL_ACCENT_COLOR_NAME = AccentColor;
				CODE_SIGN_STYLE = Automatic;
				INFOPLIST_FILE = tcsAppJosePablo/Info.plist;
				LD_RUNPATH_SEARCH_PATHS = (
					"$(inherited)",
					"@executable_path/Frameworks",
				);
				PRODUCT_BUNDLE_IDENTIFIER = pablo.tcsAppJosePablo;
				PRODUCT_NAME = "$(TARGET_NAME)";
				SWIFT_VERSION = 5.0;
				TARGETED_DEVICE_FAMILY = "1,2";
			};
			name = Debug;
		};
		076CF8682606919F00B50E72 /* Release */ = {
			isa = XCBuildConfiguration;
			buildSettings = {
				ASSETCATALOG_COMPILER_APPICON_NAME = AppIcon;
				ASSETCATALOG_COMPILER_GLOBAL_ACCENT_COLOR_NAME = AccentColor;
				CODE_SIGN_STYLE = Automatic;
				INFOPLIST_FILE = tcsAppJosePablo/Info.plist;
				LD_RUNPATH_SEARCH_PATHS = (
					"$(inherited)",
					"@executable_path/Frameworks",
				);
				PRODUCT_BUNDLE_IDENTIFIER = pablo.tcsAppJosePablo;
				PRODUCT_NAME = "$(TARGET_NAME)";
				SWIFT_VERSION = 5.0;
				TARGETED_DEVICE_FAMILY = "1,2";
			};
			name = Release;
		};
/* End XCBuildConfiguration section */

/* Begin XCConfigurationList section */
		076CF84D2606919D00B50E72 /* Build configuration list for PBXProject "tcsAppJosePablo" */ = {
			isa = XCConfigurationList;
			buildConfigurations = (
				076CF8642606919F00B50E72 /* Debug */,
				076CF8652606919F00B50E72 /* Release */,
			);
			defaultConfigurationIsVisible = 0;
			defaultConfigurationName = Release;
		};
		076CF8662606919F00B50E72 /* Build configuration list for PBXNativeTarget "tcsAppJosePablo" */ = {
			isa = XCConfigurationList;
			buildConfigurations = (
				076CF8672606919F00B50E72 /* Debug */,
				076CF8682606919F00B50E72 /* Release */,
			);
			defaultConfigurationIsVisible = 0;
			defaultConfigurationName = Release;
		};
/* End XCConfigurationList section */
	};
	rootObject = 076CF84A2606919D00B50E72 /* Project object */;
}
